
Microsoft Visual Studio Solution File, Format Version 12.00
# Visual Studio Version 17
VisualStudioVersion = 17.3.32811.315
MinimumVisualStudioVersion = 10.0.40219.1
Project("{FAE04EC0-301F-11D3-BF4B-00C04F79EFBC}") = "HaLeKhang110949_KtraFE", "HaLeKhang110949_KtraFE.csproj", "{EAFC4714-C8D0-4680-896C-668EE5F9E164}"
EndProject
Global
	GlobalSection(SolutionConfigurationPlatforms) = preSolution
		Debug|Any CPU = Debug|Any CPU
		Release|Any CPU = Release|Any CPU
	EndGlobalSection
	GlobalSection(ProjectConfigurationPlatforms) = postSolution
		{EAFC4714-C8D0-4680-896C-668EE5F9E164}.Debug|Any CPU.ActiveCfg = Debug|Any CPU
		{EAFC4714-C8D0-4680-896C-668EE5F9E164}.Debug|Any CPU.Build.0 = Debug|Any CPU
		{EAFC4714-C8D0-4680-896C-668EE5F9E164}.Release|Any CPU.ActiveCfg = Release|Any CPU
		{EAFC4714-C8D0-4680-896C-668EE5F9E164}.Release|Any CPU.Build.0 = Release|Any CPU
	EndGlobalSection
	GlobalSection(SolutionProperties) = preSolution
		HideSolutionNode = FALSE
	EndGlobalSection
	GlobalSection(ExtensibilityGlobals) = postSolution
		SolutionGuid = {C9092CEA-4848-40B9-9B46-8D314071B781}
	EndGlobalSection
EndGlobal
